
Microsoft Visual Studio Solution File, Format Version 12.00
# Visual Studio Version 16
VisualStudioVersion = 16.0.32106.194
MinimumVisualStudioVersion = 10.0.40219.1
Project("{FAE04EC0-301F-11D3-BF4B-00C04F79EFBC}") = "FluentMigratorExample", "FluentMigratorExample\FluentMigratorExample.csproj", "{AED836E8-94B8-4F8E-B1CF-E1777AF94C1B}"
EndProject
Global
	GlobalSection(SolutionConfigurationPlatforms) = preSolution
		Debug|Any CPU = Debug|Any CPU
		Release|Any CPU = Release|Any CPU
	EndGlobalSection
	GlobalSection(ProjectConfigurationPlatforms) = postSolution
		{AED836E8-94B8-4F8E-B1CF-E1777AF94C1B}.Debug|Any CPU.ActiveCfg = Debug|Any CPU
		{AED836E8-94B8-4F8E-B1CF-E1777AF94C1B}.Debug|Any CPU.Build.0 = Debug|Any CPU
		{AED836E8-94B8-4F8E-B1CF-E1777AF94C1B}.Release|Any CPU.ActiveCfg = Release|Any CPU
		{AED836E8-94B8-4F8E-B1CF-E1777AF94C1B}.Release|Any CPU.Build.0 = Release|Any CPU
	EndGlobalSection
	GlobalSection(SolutionProperties) = preSolution
		HideSolutionNode = FALSE
	EndGlobalSection
	GlobalSection(ExtensibilityGlobals) = postSolution
		SolutionGuid = {900FF2D1-0C44-404F-B23A-03E8768621DC}
	EndGlobalSection
EndGlobal
